// !$*UTF8*$!
{
	archiveVersion = 1;
	classes = {
	};
	objectVersion = 50;
	objects = {

/* Begin PBXBuildFile section */
		B6BDDFB02155E5D90034540F /* LXCastleGameFish.m in Sources */ = {isa = PBXBuildFile; fileRef = B6BDDFAF2155E5D90034540F /* LXCastleGameFish.m */; };
		B6BDDFB92155E5D90034540F /* LXCastleGameFish.framework in Frameworks */ = {isa = PBXBuildFile; fileRef = B6BDDFAB2155E5D90034540F /* LXCastleGameFish.framework */; };
		B6BDDFBE2155E5D90034540F /* LXCastleGameFishTests.m in Sources */ = {isa = PBXBuildFile; fileRef = B6BDDFBD2155E5D90034540F /* LXCastleGameFishTests.m */; };
		B6BDDFC02155E5D90034540F /* LXCastleGameFish.h in Headers */ = {isa = PBXBuildFile; fileRef = B6BDDFAE2155E5D90034540F /* LXCastleGameFish.h */; settings = {ATTRIBUTES = (Public, ); }; };
/* End PBXBuildFile section */

/* Begin PBXContainerItemProxy section */
		B6BDDFBA2155E5D90034540F /* PBXContainerItemProxy */ = {
			isa = PBXContainerItemProxy;
			containerPortal = B6BDDFA22155E5D90034540F /* Project object */;
			proxyType = 1;
			remoteGlobalIDString = B6BDDFAA2155E5D90034540F;
			remoteInfo = LXCastleGameFish;
		};
/* End PBXContainerItemProxy section */

/* Begin PBXFileReference section */
		B6BDDFAB2155E5D90034540F /* LXCastleGameFish.framework */ = {isa = PBXFileReference; explicitFileType = wrapper.framework; includeInIndex = 0; path = LXCastleGameFish.framework; sourceTree = BUILT_PRODUCTS_DIR; };
		B6BDDFAE2155E5D90034540F /* LXCastleGameFish.h */ = {isa = PBXFileReference; lastKnownFileType = sourcecode.c.h; path = LXCastleGameFish.h; sourceTree = "<group>"; };
		B6BDDFAF2155E5D90034540F /* LXCastleGameFish.m */ = {isa = PBXFileReference; lastKnownFileType = sourcecode.c.objc; path = LXCastleGameFish.m; sourceTree = "<group>"; };
		B6BDDFB32155E5D90034540F /* Info.plist */ = {isa = PBXFileReference; lastKnownFileType = text.plist.xml; path = Info.plist; sourceTree = "<group>"; };
		B6BDDFB82155E5D90034540F /* LXCastleGameFishTests.xctest */ = {isa = PBXFileReference; explicitFileType = wrapper.cfbundle; includeInIndex = 0; path = LXCastleGameFishTests.xctest; sourceTree = BUILT_PRODUCTS_DIR; };
		B6BDDFBD2155E5D90034540F /* LXCastleGameFishTests.m */ = {isa = PBXFileReference; lastKnownFileType = sourcecode.c.objc; path = LXCastleGameFishTests.m; sourceTree = "<group>"; };
		B6BDDFBF2155E5D90034540F /* Info.plist */ = {isa = PBXFileReference; lastKnownFileType = text.plist.xml; path = Info.plist; sourceTree = "<group>"; };
/* End PBXFileReference section */

/* Begin PBXFrameworksBuildPhase section */
		B6BDDFA72155E5D90034540F /* Frameworks */ = {
			isa = PBXFrameworksBuildPhase;
			buildActionMask = 2147483647;
			files = (
			);
			runOnlyForDeploymentPostprocessing = 0;
		};
		B6BDDFB52155E5D90034540F /* Frameworks */ = {
			isa = PBXFrameworksBuildPhase;
			buildActionMask = 2147483647;
			files = (
				B6BDDFB92155E5D90034540F /* LXCastleGameFish.framework in Frameworks */,
			);
			runOnlyForDeploymentPostprocessing = 0;
		};
/* End PBXFrameworksBuildPhase section */

/* Begin PBXGroup section */
		B6BDDFA12155E5D90034540F = {
			isa = PBXGroup;
			children = (
				B6BDDFAD2155E5D90034540F /* LXCastleGameFish */,
				B6BDDFBC2155E5D90034540F /* LXCastleGameFishTests */,
				B6BDDFAC2155E5D90034540F /* Products */,
			);
			sourceTree = "<group>";
		};
		B6BDDFAC2155E5D90034540F /* Products */ = {
			isa = PBXGroup;
			children = (
				B6BDDFAB2155E5D90034540F /* LXCastleGameFish.framework */,
				B6BDDFB82155E5D90034540F /* LXCastleGameFishTests.xctest */,
			);
			name = Products;
			sourceTree = "<group>";
		};
		B6BDDFAD2155E5D90034540F /* LXCastleGameFish */ = {
			isa = PBXGroup;
			children = (
				B6BDDFAE2155E5D90034540F /* LXCastleGameFish.h */,
				B6BDDFAF2155E5D90034540F /* LXCastleGameFish.m */,
				B6BDDFB32155E5D90034540F /* Info.plist */,
			);
			path = LXCastleGameFish;
			sourceTree = "<group>";
		};
		B6BDDFBC2155E5D90034540F /* LXCastleGameFishTests */ = {
			isa = PBXGroup;
			children = (
				B6BDDFBD2155E5D90034540F /* LXCastleGameFishTests.m */,
				B6BDDFBF2155E5D90034540F /* Info.plist */,
			);
			path = LXCastleGameFishTests;
			sourceTree = "<group>";
		};
/* End PBXGroup section */

/* Begin PBXHeadersBuildPhase section */
		B6BDDFA82155E5D90034540F /* Headers */ = {
			isa = PBXHeadersBuildPhase;
			buildActionMask = 2147483647;
			files = (
				B6BDDFC02155E5D90034540F /* LXCastleGameFish.h in Headers */,
			);
			runOnlyForDeploymentPostprocessing = 0;
		};
/* End PBXHeadersBuildPhase section */

/* Begin PBXNativeTarget section */
		B6BDDFAA2155E5D90034540F /* LXCastleGameFish */ = {
			isa = PBXNativeTarget;
			buildConfigurationList = B6BDDFC32155E5D90034540F /* Build configuration list for PBXNativeTarget "LXCastleGameFish" */;
			buildPhases = (
				B6BDDFA62155E5D90034540F /* Sources */,
				B6BDDFA72155E5D90034540F /* Frameworks */,
				B6BDDFA82155E5D90034540F /* Headers */,
				B6BDDFA92155E5D90034540F /* Resources */,
			);
			buildRules = (
			);
			dependencies = (
			);
			name = LXCastleGameFish;
			productName = LXCastleGameFish;
			productReference = B6BDDFAB2155E5D90034540F /* LXCastleGameFish.framework */;
			productType = "com.apple.product-type.framework";
		};
		B6BDDFB72155E5D90034540F /* LXCastleGameFishTests */ = {
			isa = PBXNativeTarget;
			buildConfigurationList = B6BDDFC62155E5D90034540F /* Build configuration list for PBXNativeTarget "LXCastleGameFishTests" */;
			buildPhases = (
				B6BDDFB42155E5D90034540F /* Sources */,
				B6BDDFB52155E5D90034540F /* Frameworks */,
				B6BDDFB62155E5D90034540F /* Resources */,
			);
			buildRules = (
			);
			dependencies = (
				B6BDDFBB2155E5D90034540F /* PBXTargetDependency */,
			);
			name = LXCastleGameFishTests;
			productName = LXCastleGameFishTests;
			productReference = B6BDDFB82155E5D90034540F /* LXCastleGameFishTests.xctest */;
			productType = "com.apple.product-type.bundle.unit-test";
		};
/* End PBXNativeTarget section */

/* Begin PBXProject section */
		B6BDDFA22155E5D90034540F /* Project object */ = {
			isa = PBXProject;
			attributes = {
				LastUpgradeCheck = 0940;
				ORGANIZATIONNAME = "Lyon Xu";
				TargetAttributes = {
					B6BDDFAA2155E5D90034540F = {
						CreatedOnToolsVersion = 9.4.1;
					};
					B6BDDFB72155E5D90034540F = {
						CreatedOnToolsVersion = 9.4.1;
					};
				};
			};
			buildConfigurationList = B6BDDFA52155E5D90034540F /* Build configuration list for PBXProject "LXCastleGameFish" */;
			compatibilityVersion = "Xcode 9.3";
			developmentRegion = en;
			hasScannedForEncodings = 0;
			knownRegions = (
				en,
			);
			mainGroup = B6BDDFA12155E5D90034540F;
			productRefGroup = B6BDDFAC2155E5D90034540F /* Products */;
			projectDirPath = "";
			projectRoot = "";
			targets = (
				B6BDDFAA2155E5D90034540F /* LXCastleGameFish */,
				B6BDDFB72155E5D90034540F /* LXCastleGameFishTests */,
			);
		};
/* End PBXProject section */

/* Begin PBXResourcesBuildPhase section */
		B6BDDFA92155E5D90034540F /* Resources */ = {
			isa = PBXResourcesBuildPhase;
			buildActionMask = 2147483647;
			files = (
			);
			runOnlyForDeploymentPostprocessing = 0;
		};
		B6BDDFB62155E5D90034540F /* Resources */ = {
			isa = PBXResourcesBuildPhase;
			buildActionMask = 2147483647;
			files = (
			);
			runOnlyForDeploymentPostprocessing = 0;
		};
/* End PBXResourcesBuildPhase section */

/* Begin PBXSourcesBuildPhase section */
		B6BDDFA62155E5D90034540F /* Sources */ = {
			isa = PBXSourcesBuildPhase;
			buildActionMask = 2147483647;
			files = (
				B6BDDFB02155E5D90034540F /* LXCastleGameFish.m in Sources */,
			);
			runOnlyForDeploymentPostprocessing = 0;
		};
		B6BDDFB42155E5D90034540F /* Sources */ = {
			isa = PBXSourcesBuildPhase;
			buildActionMask = 2147483647;
			files = (
				B6BDDFBE2155E5D90034540F /* LXCastleGameFishTests.m in Sources */,
			);
			runOnlyForDeploymentPostprocessing = 0;
		};
/* End PBXSourcesBuildPhase section */

/* Begin PBXTargetDependency section */
		B6BDDFBB2155E5D90034540F /* PBXTargetDependency */ = {
			isa = PBXTargetDependency;
			target = B6BDDFAA2155E5D90034540F /* LXCastleGameFish */;
			targetProxy = B6BDDFBA2155E5D90034540F /* PBXContainerItemProxy */;
		};
/* End PBXTargetDependency section */

/* Begin XCBuildConfiguration section */
		B6BDDFC12155E5D90034540F /* Debug */ = {
			isa = XCBuildConfiguration;
			buildSettings = {
				ALWAYS_SEARCH_USER_PATHS = NO;
				CLANG_ANALYZER_NONNULL = YES;
				CLANG_ANALYZER_NUMBER_OBJECT_CONVERSION = YES_AGGRESSIVE;
				CLANG_CXX_LANGUAGE_STANDARD = "gnu++14";
				CLANG_CXX_LIBRARY = "libc++";
				CLANG_ENABLE_MODULES = YES;
				CLANG_ENABLE_OBJC_ARC = YES;
				CLANG_ENABLE_OBJC_WEAK = YES;
				CLANG_WARN_BLOCK_CAPTURE_AUTORELEASING = YES;
				CLANG_WARN_BOOL_CONVERSION = YES;
				CLANG_WARN_COMMA = YES;
				CLANG_WARN_CONSTANT_CONVERSION = YES;
				CLANG_WARN_DEPRECATED_OBJC_IMPLEMENTATIONS = YES;
				CLANG_WARN_DIRECT_OBJC_ISA_USAGE = YES_ERROR;
				CLANG_WARN_DOCUMENTATION_COMMENTS = YES;
				CLANG_WARN_EMPTY_BODY = YES;
				CLANG_WARN_ENUM_CONVERSION = YES;
				CLANG_WARN_INFINITE_RECURSION = YES;
				CLANG_WARN_INT_CONVERSION = YES;
				CLANG_WARN_NON_LITERAL_NULL_CONVERSION = YES;
				CLANG_WARN_OBJC_IMPLICIT_RETAIN_SELF = YES;
				CLANG_WARN_OBJC_LITERAL_CONVERSION = YES;
				CLANG_WARN_OBJC_ROOT_CLASS = YES_ERROR;
				CLANG_WARN_RANGE_LOOP_ANALYSIS = YES;
				CLANG_WARN_STRICT_PROTOTYPES = YES;
				CLANG_WARN_SUSPICIOUS_MOVE = YES;
				CLANG_WARN_UNGUARDED_AVAILABILITY = YES_AGGRESSIVE;
				CLANG_WARN_UNREACHABLE_CODE = YES;
				CLANG_WARN__DUPLICATE_METHOD_MATCH = YES;
				CODE_SIGN_IDENTITY = "iPhone Developer";
				COPY_PHASE_STRIP = NO;
				CURRENT_PROJECT_VERSION = 1;
				DEBUG_INFORMATION_FORMAT = dwarf;
				ENABLE_STRICT_OBJC_MSGSEND = YES;
				ENABLE_TESTABILITY = YES;
				GCC_C_LANGUAGE_STANDARD = gnu11;
				GCC_DYNAMIC_NO_PIC = NO;
				GCC_NO_COMMON_BLOCKS = YES;
				GCC_OPTIMIZATION_LEVEL = 0;
				GCC_PREPROCESSOR_DEFINITIONS = (
					"DEBUG=1",
					"$(inherited)",
				);
				GCC_WARN_64_TO_32_BIT_CONVERSION = YES;
				GCC_WARN_ABOUT_RETURN_TYPE = YES_ERROR;
				GCC_WARN_UNDECLARED_SELECTOR = YES;
				GCC_WARN_UNINITIALIZED_AUTOS = YES_AGGRESSIVE;
				GCC_WARN_UNUSED_FUNCTION = YES;
				GCC_WARN_UNUSED_VARIABLE = YES;
				HEADER_SEARCH_PATHS = (
					"$(inherited)",
					"$(MonkeyDevPath)/include",
				);
				IPHONEOS_DEPLOYMENT_TARGET = 8.0;
				MTL_ENABLE_DEBUG_INFO = YES;
				MonkeyDevPath = /opt/MonkeyDev;
				ONLY_ACTIVE_ARCH = YES;
				SDKROOT = iphoneos;
				VERSIONING_SYSTEM = "apple-generic";
				VERSION_INFO_PREFIX = "";
			};
			name = Debug;
		};
		B6BDDFC22155E5D90034540F /* Release */ = {
			isa = XCBuildConfiguration;
			buildSettings = {
				ALWAYS_SEARCH_USER_PATHS = NO;
				CLANG_ANALYZER_NONNULL = YES;
				CLANG_ANALYZER_NUMBER_OBJECT_CONVERSION = YES_AGGRESSIVE;
				CLANG_CXX_LANGUAGE_STANDARD = "gnu++14";
				CLANG_CXX_LIBRARY = "libc++";
				CLANG_ENABLE_MODULES = YES;
				CLANG_ENABLE_OBJC_ARC = YES;
				CLANG_ENABLE_OBJC_WEAK = YES;
				CLANG_WARN_BLOCK_CAPTURE_AUTORELEASING = YES;
				CLANG_WARN_BOOL_CONVERSION = YES;
				CLANG_WARN_COMMA = YES;
				CLANG_WARN_CONSTANT_CONVERSION = YES;
				CLANG_WARN_DEPRECATED_OBJC_IMPLEMENTATIONS = YES;
				CLANG_WARN_DIRECT_OBJC_ISA_USAGE = YES_ERROR;
				CLANG_WARN_DOCUMENTATION_COMMENTS = YES;
				CLANG_WARN_EMPTY_BODY = YES;
				CLANG_WARN_ENUM_CONVERSION = YES;
				CLANG_WARN_INFINITE_RECURSION = YES;
				CLANG_WARN_INT_CONVERSION = YES;
				CLANG_WARN_NON_LITERAL_NULL_CONVERSION = YES;
				CLANG_WARN_OBJC_IMPLICIT_RETAIN_SELF = YES;
				CLANG_WARN_OBJC_LITERAL_CONVERSION = YES;
				CLANG_WARN_OBJC_ROOT_CLASS = YES_ERROR;
				CLANG_WARN_RANGE_LOOP_ANALYSIS = YES;
				CLANG_WARN_STRICT_PROTOTYPES = YES;
				CLANG_WARN_SUSPICIOUS_MOVE = YES;
				CLANG_WARN_UNGUARDED_AVAILABILITY = YES_AGGRESSIVE;
				CLANG_WARN_UNREACHABLE_CODE = YES;
				CLANG_WARN__DUPLICATE_METHOD_MATCH = YES;
				CODE_SIGN_IDENTITY = "iPhone Developer";
				COPY_PHASE_STRIP = NO;
				CURRENT_PROJECT_VERSION = 1;
				DEBUG_INFORMATION_FORMAT = "dwarf-with-dsym";
				ENABLE_NS_ASSERTIONS = NO;
				ENABLE_STRICT_OBJC_MSGSEND = YES;
				GCC_C_LANGUAGE_STANDARD = gnu11;
				GCC_NO_COMMON_BLOCKS = YES;
				GCC_WARN_64_TO_32_BIT_CONVERSION = YES;
				GCC_WARN_ABOUT_RETURN_TYPE = YES_ERROR;
				GCC_WARN_UNDECLARED_SELECTOR = YES;
				GCC_WARN_UNINITIALIZED_AUTOS = YES_AGGRESSIVE;
				GCC_WARN_UNUSED_FUNCTION = YES;
				GCC_WARN_UNUSED_VARIABLE = YES;
				HEADER_SEARCH_PATHS = (
					"$(inherited)",
					"$(MonkeyDevPath)/include",
				);
				IPHONEOS_DEPLOYMENT_TARGET = 8.0;
				MTL_ENABLE_DEBUG_INFO = NO;
				MonkeyDevPath = /opt/MonkeyDev;
				SDKROOT = iphoneos;
				VALIDATE_PRODUCT = YES;
				VERSIONING_SYSTEM = "apple-generic";
				VERSION_INFO_PREFIX = "";
			};
			name = Release;
		};
		B6BDDFC42155E5D90034540F /* Debug */ = {
			isa = XCBuildConfiguration;
			buildSettings = {
				CODE_SIGN_IDENTITY = "";
				CODE_SIGN_STYLE = Automatic;
				DEFINES_MODULE = YES;
				DEVELOPMENT_TEAM = 3MQQ3B3WU2;
				DYLIB_COMPATIBILITY_VERSION = 1;
				DYLIB_CURRENT_VERSION = 1;
				DYLIB_INSTALL_NAME_BASE = "@rpath";
				INFOPLIST_FILE = LXCastleGameFish/Info.plist;
				INSTALL_PATH = "$(LOCAL_LIBRARY_DIR)/Frameworks";
				LD_RUNPATH_SEARCH_PATHS = (
					"$(inherited)",
					"@executable_path/Frameworks",
					"@loader_path/Frameworks",
				);
				PRODUCT_BUNDLE_IDENTIFIER = com.lyonxu.LXCastleGameFish;
				PRODUCT_NAME = "$(TARGET_NAME:c99extidentifier)";
				SKIP_INSTALL = YES;
				TARGETED_DEVICE_FAMILY = "1,2";
			};
			name = Debug;
		};
		B6BDDFC52155E5D90034540F /* Release */ = {
			isa = XCBuildConfiguration;
			buildSettings = {
				CODE_SIGN_IDENTITY = "";
				CODE_SIGN_STYLE = Automatic;
				DEFINES_MODULE = YES;
				DEVELOPMENT_TEAM = 3MQQ3B3WU2;
				DYLIB_COMPATIBILITY_VERSION = 1;
				DYLIB_CURRENT_VERSION = 1;
				DYLIB_INSTALL_NAME_BASE = "@rpath";
				INFOPLIST_FILE = LXCastleGameFish/Info.plist;
				INSTALL_PATH = "$(LOCAL_LIBRARY_DIR)/Frameworks";
				LD_RUNPATH_SEARCH_PATHS = (
					"$(inherited)",
					"@executable_path/Frameworks",
					"@loader_path/Frameworks",
				);
				PRODUCT_BUNDLE_IDENTIFIER = com.lyonxu.LXCastleGameFish;
				PRODUCT_NAME = "$(TARGET_NAME:c99extidentifier)";
				SKIP_INSTALL = YES;
				TARGETED_DEVICE_FAMILY = "1,2";
			};
			name = Release;
		};
		B6BDDFC72155E5D90034540F /* Debug */ = {
			isa = XCBuildConfiguration;
			buildSettings = {
				CODE_SIGN_STYLE = Automatic;
				DEVELOPMENT_TEAM = 3MQQ3B3WU2;
				INFOPLIST_FILE = LXCastleGameFishTests/Info.plist;
				IPHONEOS_DEPLOYMENT_TARGET = 11.4;
				LD_RUNPATH_SEARCH_PATHS = (
					"$(inherited)",
					"@executable_path/Frameworks",
					"@loader_path/Frameworks",
				);
				PRODUCT_BUNDLE_IDENTIFIER = com.lyonxu.LXCastleGameFishTests;
				PRODUCT_NAME = "$(TARGET_NAME)";
				TARGETED_DEVICE_FAMILY = "1,2";
			};
			name = Debug;
		};
		B6BDDFC82155E5D90034540F /* Release */ = {
			isa = XCBuildConfiguration;
			buildSettings = {
				CODE_SIGN_STYLE = Automatic;
				DEVELOPMENT_TEAM = 3MQQ3B3WU2;
				INFOPLIST_FILE = LXCastleGameFishTests/Info.plist;
				IPHONEOS_DEPLOYMENT_TARGET = 11.4;
				LD_RUNPATH_SEARCH_PATHS = (
					"$(inherited)",
					"@executable_path/Frameworks",
					"@loader_path/Frameworks",
				);
				PRODUCT_BUNDLE_IDENTIFIER = com.lyonxu.LXCastleGameFishTests;
				PRODUCT_NAME = "$(TARGET_NAME)";
				TARGETED_DEVICE_FAMILY = "1,2";
			};
			name = Release;
		};
/* End XCBuildConfiguration section */

/* Begin XCConfigurationList section */
		B6BDDFA52155E5D90034540F /* Build configuration list for PBXProject "LXCastleGameFish" */ = {
			isa = XCConfigurationList;
			buildConfigurations = (
				B6BDDFC12155E5D90034540F /* Debug */,
				B6BDDFC22155E5D90034540F /* Release */,
			);
			defaultConfigurationIsVisible = 0;
			defaultConfigurationName = Release;
		};
		B6BDDFC32155E5D90034540F /* Build configuration list for PBXNativeTarget "LXCastleGameFish" */ = {
			isa = XCConfigurationList;
			buildConfigurations = (
				B6BDDFC42155E5D90034540F /* Debug */,
				B6BDDFC52155E5D90034540F /* Release */,
			);
			defaultConfigurationIsVisible = 0;
			defaultConfigurationName = Release;
		};
		B6BDDFC62155E5D90034540F /* Build configuration list for PBXNativeTarget "LXCastleGameFishTests" */ = {
			isa = XCConfigurationList;
			buildConfigurations = (
				B6BDDFC72155E5D90034540F /* Debug */,
				B6BDDFC82155E5D90034540F /* Release */,
			);
			defaultConfigurationIsVisible = 0;
			defaultConfigurationName = Release;
		};
/* End XCConfigurationList section */
	};
	rootObject = B6BDDFA22155E5D90034540F /* Project object */;
}
